{
    "version": 3,
    "terraform_version": "0.8.1",
    "serial": 0,
    "lineage": "0a4cd1d6-8a9f-4ed6-97e4-5163e0721592",
    "modules": [
        {
            "path": [
                "root"
            ],
            "outputs": {},
            "resources": {
                "aws_eip.nat": {
                    "type": "aws_eip",
                    "depends_on": [
                        "aws_internet_gateway.gw"
                    ],
                    "primary": {
                        "id": "eipalloc-6fbea20b",
                        "attributes": {
                            "association_id": "",
                            "domain": "vpc",
                            "id": "eipalloc-6fbea20b",
                            "instance": "",
                            "network_interface": "",
                            "private_ip": "",
                            "public_ip": "34.251.113.170",
                            "vpc": "true"
                        },
                        "meta": {},
                        "tainted": false
                    },
                    "deposed": [],
                    "provider": ""
                },
                "aws_internet_gateway.gw": {
                    "type": "aws_internet_gateway",
                    "depends_on": [
                        "aws_vpc.vpc_tuto"
                    ],
                    "primary": {
                        "id": "igw-9f3d8bfb",
                        "attributes": {
                            "id": "igw-9f3d8bfb",
                            "tags.%": "1",
                            "tags.Name": "InternetGateway",
                            "vpc_id": "vpc-f6626792"
                        },
                        "meta": {},
                        "tainted": false
                    },
                    "deposed": [],
                    "provider": ""
                },
                "aws_nat_gateway.nat": {
                    "type": "aws_nat_gateway",
                    "depends_on": [
                        "aws_eip.nat",
                        "aws_internet_gateway.gw",
                        "aws_subnet.subnet_eu_west_1a"
                    ],
                    "primary": {
                        "id": "nat-01acef868bf99e4ab",
                        "attributes": {
                            "allocation_id": "eipalloc-6fbea20b",
                            "id": "nat-01acef868bf99e4ab",
                            "network_interface_id": "eni-f5c1008a",
                            "private_ip": "172.31.1.114",
                            "public_ip": "34.251.113.170",
                            "subnet_id": "subnet-61242a05"
                        },
                        "meta": {},
                        "tainted": false
                    },
                    "deposed": [],
                    "provider": ""
                },
                "aws_route.internet_access": {
                    "type": "aws_route",
                    "depends_on": [
                        "aws_internet_gateway.gw",
                        "aws_vpc.vpc_tuto"
                    ],
                    "primary": {
                        "id": "r-rtb-6166b9061080289494",
                        "attributes": {
                            "destination_cidr_block": "0.0.0.0/0",
                            "destination_prefix_list_id": "",
                            "gateway_id": "igw-9f3d8bfb",
                            "id": "r-rtb-6166b9061080289494",
                            "instance_id": "",
                            "instance_owner_id": "",
                            "nat_gateway_id": "",
                            "network_interface_id": "",
                            "origin": "CreateRoute",
                            "route_table_id": "rtb-6166b906",
                            "state": "active",
                            "vpc_peering_connection_id": ""
                        },
                        "meta": {},
                        "tainted": false
                    },
                    "deposed": [],
                    "provider": ""
                },
                "aws_route.private_route": {
                    "type": "aws_route",
                    "depends_on": [
                        "aws_nat_gateway.nat",
                        "aws_route_table.private_route_table"
                    ],
                    "primary": {
                        "id": "r-rtb-4666b9211080289494",
                        "attributes": {
                            "destination_cidr_block": "0.0.0.0/0",
                            "destination_prefix_list_id": "",
                            "gateway_id": "",
                            "id": "r-rtb-4666b9211080289494",
                            "instance_id": "",
                            "instance_owner_id": "",
                            "nat_gateway_id": "nat-01acef868bf99e4ab",
                            "network_interface_id": "",
                            "origin": "CreateRoute",
                            "route_table_id": "rtb-4666b921",
                            "state": "active",
                            "vpc_peering_connection_id": ""
                        },
                        "meta": {},
                        "tainted": false
                    },
                    "deposed": [],
                    "provider": ""
                },
                "aws_route_table.private_route_table": {
                    "type": "aws_route_table",
                    "depends_on": [
                        "aws_vpc.vpc_tuto"
                    ],
                    "primary": {
                        "id": "rtb-4666b921",
                        "attributes": {
                            "id": "rtb-4666b921",
                            "propagating_vgws.#": "0",
                            "route.#": "0",
                            "tags.%": "1",
                            "tags.Name": "Private route table",
                            "vpc_id": "vpc-f6626792"
                        },
                        "meta": {},
                        "tainted": false
                    },
                    "deposed": [],
                    "provider": ""
                },
                "aws_route_table_association.subnet_eu_west_1a_association": {
                    "type": "aws_route_table_association",
                    "depends_on": [
                        "aws_subnet.subnet_eu_west_1a",
                        "aws_vpc.vpc_tuto"
                    ],
                    "primary": {
                        "id": "rtbassoc-502e3137",
                        "attributes": {
                            "id": "rtbassoc-502e3137",
                            "route_table_id": "rtb-6166b906",
                            "subnet_id": "subnet-61242a05"
                        },
                        "meta": {},
                        "tainted": false
                    },
                    "deposed": [],
                    "provider": ""
                },
                "aws_route_table_association.subnet_eu_west_1b_association": {
                    "type": "aws_route_table_association",
                    "depends_on": [
                        "aws_route_table.private_route_table",
                        "aws_subnet.subnet_eu_west_1b"
                    ],
                    "primary": {
                        "id": "rtbassoc-532e3134",
                        "attributes": {
                            "id": "rtbassoc-532e3134",
                            "route_table_id": "rtb-4666b921",
                            "subnet_id": "subnet-4ed8d438"
                        },
                        "meta": {},
                        "tainted": false
                    },
                    "deposed": [],
                    "provider": ""
                },
                "aws_route_table_association.subnet_eu_west_1c_association": {
                    "type": "aws_route_table_association",
                    "depends_on": [
                        "aws_route_table.private_route_table",
                        "aws_subnet.subnet_eu_west_1c"
                    ],
                    "primary": {
                        "id": "rtbassoc-522e3135",
                        "attributes": {
                            "id": "rtbassoc-522e3135",
                            "route_table_id": "rtb-4666b921",
                            "subnet_id": "subnet-c5eca79d"
                        },
                        "meta": {},
                        "tainted": false
                    },
                    "deposed": [],
                    "provider": ""
                },
                "aws_subnet.subnet_eu_west_1a": {
                    "type": "aws_subnet",
                    "depends_on": [
                        "aws_vpc.vpc_tuto"
                    ],
                    "primary": {
                        "id": "subnet-61242a05",
                        "attributes": {
                            "availability_zone": "eu-west-1a",
                            "cidr_block": "172.31.1.0/24",
                            "id": "subnet-61242a05",
                            "map_public_ip_on_launch": "true",
                            "tags.%": "1",
                            "tags.Name": "Subnet az 1a",
                            "vpc_id": "vpc-f6626792"
                        },
                        "meta": {},
                        "tainted": false
                    },
                    "deposed": [],
                    "provider": ""
                },
                "aws_subnet.subnet_eu_west_1b": {
                    "type": "aws_subnet",
                    "depends_on": [
                        "aws_vpc.vpc_tuto"
                    ],
                    "primary": {
                        "id": "subnet-4ed8d438",
                        "attributes": {
                            "availability_zone": "eu-west-1b",
                            "cidr_block": "172.31.2.0/24",
                            "id": "subnet-4ed8d438",
                            "map_public_ip_on_launch": "false",
                            "tags.%": "1",
                            "tags.Name": "Subnet az 1b",
                            "vpc_id": "vpc-f6626792"
                        },
                        "meta": {},
                        "tainted": false
                    },
                    "deposed": [],
                    "provider": ""
                },
                "aws_subnet.subnet_eu_west_1c": {
                    "type": "aws_subnet",
                    "depends_on": [
                        "aws_vpc.vpc_tuto"
                    ],
                    "primary": {
                        "id": "subnet-c5eca79d",
                        "attributes": {
                            "availability_zone": "eu-west-1c",
                            "cidr_block": "172.31.3.0/24",
                            "id": "subnet-c5eca79d",
                            "map_public_ip_on_launch": "false",
                            "tags.%": "1",
                            "tags.Name": "Subnet az 1c",
                            "vpc_id": "vpc-f6626792"
                        },
                        "meta": {},
                        "tainted": false
                    },
                    "deposed": [],
                    "provider": ""
                },
                "aws_vpc.vpc_tuto": {
                    "type": "aws_vpc",
                    "depends_on": [],
                    "primary": {
                        "id": "vpc-f6626792",
                        "attributes": {
                            "cidr_block": "172.31.0.0/16",
                            "default_network_acl_id": "acl-393ffb5e",
                            "default_route_table_id": "rtb-6166b906",
                            "default_security_group_id": "sg-0f677269",
                            "dhcp_options_id": "dopt-a2e8e1c0",
                            "enable_classiclink": "false",
                            "enable_dns_hostnames": "true",
                            "enable_dns_support": "true",
                            "id": "vpc-f6626792",
                            "instance_tenancy": "default",
                            "main_route_table_id": "rtb-6166b906",
                            "tags.%": "1",
                            "tags.Name": "TestVPC"
                        },
                        "meta": {},
                        "tainted": false
                    },
                    "deposed": [],
                    "provider": ""
                }
            },
            "depends_on": []
        }
    ]
}
